
Microsoft Visual Studio Solution File, Format Version 12.00
# Visual Studio Version 17
VisualStudioVersion = 17.0.31903.59
MinimumVisualStudioVersion = 10.0.40219.1
Project("{FAE04EC0-301F-11D3-BF4B-00C04F79EFBC}") = "RondiTrack", "RondiTrack.csproj", "{99FCCAE3-4B08-4B19-8F48-72AF54DBA1E9}"
EndProject
Project("{FAE04EC0-301F-11D3-BF4B-00C04F79EFBC}") = "RondiTrack.Tests", "RondiTrack.Tests\RondiTrack.Tests.csproj", "{110965A7-E4C0-49DA-BF7E-97125153B75C}"
EndProject
Global
	GlobalSection(SolutionConfigurationPlatforms) = preSolution
		Debug|Any CPU = Debug|Any CPU
		Debug|x64 = Debug|x64
		Debug|x86 = Debug|x86
		Release|Any CPU = Release|Any CPU
		Release|x64 = Release|x64
		Release|x86 = Release|x86
	EndGlobalSection
	GlobalSection(ProjectConfigurationPlatforms) = postSolution
		{99FCCAE3-4B08-4B19-8F48-72AF54DBA1E9}.Debug|Any CPU.ActiveCfg = Debug|Any CPU
		{99FCCAE3-4B08-4B19-8F48-72AF54DBA1E9}.Debug|Any CPU.Build.0 = Debug|Any CPU
		{99FCCAE3-4B08-4B19-8F48-72AF54DBA1E9}.Debug|x64.ActiveCfg = Debug|Any CPU
		{99FCCAE3-4B08-4B19-8F48-72AF54DBA1E9}.Debug|x64.Build.0 = Debug|Any CPU
		{99FCCAE3-4B08-4B19-8F48-72AF54DBA1E9}.Debug|x86.ActiveCfg = Debug|Any CPU
		{99FCCAE3-4B08-4B19-8F48-72AF54DBA1E9}.Debug|x86.Build.0 = Debug|Any CPU
		{99FCCAE3-4B08-4B19-8F48-72AF54DBA1E9}.Release|Any CPU.ActiveCfg = Release|Any CPU
		{99FCCAE3-4B08-4B19-8F48-72AF54DBA1E9}.Release|Any CPU.Build.0 = Release|Any CPU
		{99FCCAE3-4B08-4B19-8F48-72AF54DBA1E9}.Release|x64.ActiveCfg = Release|Any CPU
		{99FCCAE3-4B08-4B19-8F48-72AF54DBA1E9}.Release|x64.Build.0 = Release|Any CPU
		{99FCCAE3-4B08-4B19-8F48-72AF54DBA1E9}.Release|x86.ActiveCfg = Release|Any CPU
		{99FCCAE3-4B08-4B19-8F48-72AF54DBA1E9}.Release|x86.Build.0 = Release|Any CPU
		{110965A7-E4C0-49DA-BF7E-97125153B75C}.Debug|Any CPU.ActiveCfg = Debug|Any CPU
		{110965A7-E4C0-49DA-BF7E-97125153B75C}.Debug|Any CPU.Build.0 = Debug|Any CPU
		{110965A7-E4C0-49DA-BF7E-97125153B75C}.Debug|x64.ActiveCfg = Debug|Any CPU
		{110965A7-E4C0-49DA-BF7E-97125153B75C}.Debug|x64.Build.0 = Debug|Any CPU
		{110965A7-E4C0-49DA-BF7E-97125153B75C}.Debug|x86.ActiveCfg = Debug|Any CPU
		{110965A7-E4C0-49DA-BF7E-97125153B75C}.Debug|x86.Build.0 = Debug|Any CPU
		{110965A7-E4C0-49DA-BF7E-97125153B75C}.Release|Any CPU.ActiveCfg = Release|Any CPU
		{110965A7-E4C0-49DA-BF7E-97125153B75C}.Release|Any CPU.Build.0 = Release|Any CPU
		{110965A7-E4C0-49DA-BF7E-97125153B75C}.Release|x64.ActiveCfg = Release|Any CPU
		{110965A7-E4C0-49DA-BF7E-97125153B75C}.Release|x64.Build.0 = Release|Any CPU
		{110965A7-E4C0-49DA-BF7E-97125153B75C}.Release|x86.ActiveCfg = Release|Any CPU
		{110965A7-E4C0-49DA-BF7E-97125153B75C}.Release|x86.Build.0 = Release|Any CPU
	EndGlobalSection
	GlobalSection(SolutionProperties) = preSolution
		HideSolutionNode = FALSE
	EndGlobalSection
EndGlobal
